# This file is automatically @generated by Cargo.
# It is not intended for manual editing.
version = 3

[[package]]
name = "ext-common"
version = "0.1.0"

[[package]]
name = "ext-retry"
version = "0.1.0"
dependencies = [
 "ext-common",
]

[[package]]
name = "ext-timeout"
version = "0.1.0"
dependencies = [
 "ext-common",
]
